
Microsoft Visual Studio Solution File, Format Version 12.00
# Visual Studio Version 16
VisualStudioVersion = 16.0.31025.194
MinimumVisualStudioVersion = 10.0.40219.1
Project("{FAE04EC0-301F-11D3-BF4B-00C04F79EFBC}") = "ValheimRecycle", "ValheimRecycle.csproj", "{FB50DEE1-4008-48A0-A8C1-721C194137B1}"
EndProject
Global
	GlobalSection(SolutionConfigurationPlatforms) = preSolution
		Debug|Any CPU = Debug|Any CPU
		Release|Any CPU = Release|Any CPU
	EndGlobalSection
	GlobalSection(ProjectConfigurationPlatforms) = postSolution
		{FB50DEE1-4008-48A0-A8C1-721C194137B1}.Debug|Any CPU.ActiveCfg = Debug|Any CPU
		{FB50DEE1-4008-48A0-A8C1-721C194137B1}.Debug|Any CPU.Build.0 = Debug|Any CPU
		{FB50DEE1-4008-48A0-A8C1-721C194137B1}.Release|Any CPU.ActiveCfg = Release|Any CPU
		{FB50DEE1-4008-48A0-A8C1-721C194137B1}.Release|Any CPU.Build.0 = Release|Any CPU
	EndGlobalSection
	GlobalSection(SolutionProperties) = preSolution
		HideSolutionNode = FALSE
	EndGlobalSection
	GlobalSection(ExtensibilityGlobals) = postSolution
		SolutionGuid = {BA0E1CAC-989D-4266-AB82-C37446ECCDC5}
	EndGlobalSection
EndGlobal
